
Microsoft Visual Studio Solution File, Format Version 12.00
# Visual Studio Version 17
VisualStudioVersion = 17.6.33829.357
MinimumVisualStudioVersion = 10.0.40219.1
Project("{9A19103F-16F7-4668-BE54-9A1E7A4F7556}") = "Inventario", "Inventario\Inventario.csproj", "{CF9CFFD8-DF4E-4040-A85B-6A67EA18FFF7}"
EndProject
Project("{9A19103F-16F7-4668-BE54-9A1E7A4F7556}") = "CoreInventario", "CoreInventario1\CoreInventario.csproj", "{9518257C-96EE-4594-B608-82DEEC3DF9B9}"
EndProject
Global
	GlobalSection(SolutionConfigurationPlatforms) = preSolution
		Debug|Any CPU = Debug|Any CPU
		Release|Any CPU = Release|Any CPU
	EndGlobalSection
	GlobalSection(ProjectConfigurationPlatforms) = postSolution
		{CF9CFFD8-DF4E-4040-A85B-6A67EA18FFF7}.Debug|Any CPU.ActiveCfg = Debug|Any CPU
		{CF9CFFD8-DF4E-4040-A85B-6A67EA18FFF7}.Debug|Any CPU.Build.0 = Debug|Any CPU
		{CF9CFFD8-DF4E-4040-A85B-6A67EA18FFF7}.Release|Any CPU.ActiveCfg = Release|Any CPU
		{CF9CFFD8-DF4E-4040-A85B-6A67EA18FFF7}.Release|Any CPU.Build.0 = Release|Any CPU
		{9518257C-96EE-4594-B608-82DEEC3DF9B9}.Debug|Any CPU.ActiveCfg = Debug|Any CPU
		{9518257C-96EE-4594-B608-82DEEC3DF9B9}.Debug|Any CPU.Build.0 = Debug|Any CPU
		{9518257C-96EE-4594-B608-82DEEC3DF9B9}.Release|Any CPU.ActiveCfg = Release|Any CPU
		{9518257C-96EE-4594-B608-82DEEC3DF9B9}.Release|Any CPU.Build.0 = Release|Any CPU
	EndGlobalSection
	GlobalSection(SolutionProperties) = preSolution
		HideSolutionNode = FALSE
	EndGlobalSection
	GlobalSection(ExtensibilityGlobals) = postSolution
		SolutionGuid = {4258C595-E025-428F-B202-52301BF237A8}
	EndGlobalSection
EndGlobal
